
Microsoft Visual Studio Solution File, Format Version 12.00
# Visual Studio 15
VisualStudioVersion = 15.0.28307.168
MinimumVisualStudioVersion = 10.0.40219.1
Project("{FAE04EC0-301F-11D3-BF4B-00C04F79EFBC}") = "TestBot", "TestBot\TestBot.csproj", "{F8BACE9D-9260-4A78-BB25-50C2E6897DA3}"
EndProject
Global
	GlobalSection(SolutionConfigurationPlatforms) = preSolution
		Debug|Any CPU = Debug|Any CPU
		Release|Any CPU = Release|Any CPU
	EndGlobalSection
	GlobalSection(ProjectConfigurationPlatforms) = postSolution
		{F8BACE9D-9260-4A78-BB25-50C2E6897DA3}.Debug|Any CPU.ActiveCfg = Debug|Any CPU
		{F8BACE9D-9260-4A78-BB25-50C2E6897DA3}.Debug|Any CPU.Build.0 = Debug|Any CPU
		{F8BACE9D-9260-4A78-BB25-50C2E6897DA3}.Release|Any CPU.ActiveCfg = Release|Any CPU
		{F8BACE9D-9260-4A78-BB25-50C2E6897DA3}.Release|Any CPU.Build.0 = Release|Any CPU
	EndGlobalSection
	GlobalSection(SolutionProperties) = preSolution
		HideSolutionNode = FALSE
	EndGlobalSection
	GlobalSection(ExtensibilityGlobals) = postSolution
		SolutionGuid = {868A2727-0365-475D-9591-C6AFDEA9715E}
	EndGlobalSection
EndGlobal
